{
  "name": "movie-app",
  "version": "0.1.0",
  "lockfileVersion": 3,
  "requires": true,
  "packages": {
    "": {
      "version": "0.1.0",
      "dependencies": {
        "@testing-library/jest-dom": "^4.2.4",
        "@testing-library/react": "^9.4.0",
        "@testing-library/user-event": "^7.2.1",

        "font-awesome": "^4.7.0",
        "lodash": "^4.17.10",
        "prop-types": "^15.6.2",
        "react": "^16.12.0",
        "react-dom": "^16.12.0",
        "react-router-dom": "^4.3.1",
      },
      "engines": {
        "node": ">=6.9.0"
      },
      "funding": {
        "type": "opencollective",
        "url": "https://opencollective.com/babel"

      "bin": {
        "parser": "bin/babel-parser.js"
      },
      "engines": {
        "node": ">=6.0.0"
      }
    },

      },
      "peerDependencies": {
        "@babel/core": "^7.0.0-0"
      }
    },

      },
      "peerDependencies": {
        "@babel/core": "^7.0.0-0"
      }
    },

      },
      "peerDependencies": {
        "@babel/core": "^7.0.0-0"
      }
    },

      },
      "peerDependencies": {
        "@babel/core": "^7.0.0-0"
      }
    },
    "node_modules/@babel/plugin-proposal-optional-chaining": {

      },
      "peerDependencies": {
        "@babel/core": "^7.0.0-0"
      }
    },

      },
      "peerDependencies": {
        "@babel/core": "^7.0.0-0"
      }
    },
    "node_modules/@babel/plugin-syntax-async-generators": {
      "version": "7.8.4",
      "resolved": "https://registry.npmjs.org/@babel/plugin-syntax-async-generators/-/plugin-syntax-async-generators-7.8.4.tgz",
      "integrity": "sha512-tycmZxkGfZaxhMRbXlPXuVFpdWlXpir2W4AMhSJgRKzk/eDlIXOhb2LHWoLpDF7TEHylV5zNhykX6KAgHJmTNw==",

      "dependencies": {
        "@babel/helper-plugin-utils": "^7.8.0"
      },
      "peerDependencies": {
        "@babel/core": "^7.0.0-0"
      }
    },

      },
      "peerDependencies": {
        "@babel/core": "^7.0.0-0"
      }
    },

      },
      "peerDependencies": {
        "@babel/core": "^7.0.0-0"
      }
    },

      },
      "peerDependencies": {
        "@babel/core": "^7.0.0-0"
      }
    },
    "node_modules/@babel/plugin-syntax-json-strings": {
      "version": "7.8.3",
      "resolved": "https://registry.npmjs.org/@babel/plugin-syntax-json-strings/-/plugin-syntax-json-strings-7.8.3.tgz",
      "integrity": "sha512-lY6kdGpWHvjoe2vk4WrAapEuBR69EMxZl+RoGRhrFGNYVK8mOPAW8VfbT/ZgrFbXlDNiiaxQnAtgVCZ6jv30EA==",

      "dependencies": {
        "@babel/helper-plugin-utils": "^7.8.0"
      },
      "peerDependencies": {
        "@babel/core": "^7.0.0-0"
      }
    },
    "node_modules/@babel/plugin-syntax-jsx": {

      },
      "peerDependencies": {
        "@babel/core": "^7.0.0-0"
      }
    },
    "node_modules/@babel/plugin-syntax-nullish-coalescing-operator": {
      "version": "7.8.3",
      "resolved": "https://registry.npmjs.org/@babel/plugin-syntax-nullish-coalescing-operator/-/plugin-syntax-nullish-coalescing-operator-7.8.3.tgz",
      "integrity": "sha512-aSff4zPII1u2QD7y+F8oDsz19ew4IGEJg9SVW+bqwpwtfFleiQDMdzA/R+UlWDzfnHFCxxleFT0PMIrR36XLNQ==",

      "dependencies": {
        "@babel/helper-plugin-utils": "^7.8.0"
      },
      "peerDependencies": {
        "@babel/core": "^7.0.0-0"
      }
    },
    "node_modules/@babel/plugin-syntax-numeric-separator": {

      },
      "peerDependencies": {
        "@babel/core": "^7.0.0-0"
      }
    },
    "node_modules/@babel/plugin-syntax-object-rest-spread": {
      "version": "7.8.3",
      "resolved": "https://registry.npmjs.org/@babel/plugin-syntax-object-rest-spread/-/plugin-syntax-object-rest-spread-7.8.3.tgz",
      "integrity": "sha512-XoqMijGZb9y3y2XskN+P1wUGiVwWZ5JmoDRwx5+3GmEplNyVM2s2Dg8ILFQm8rWM48orGy5YpI5Bl8U1y7ydlA==",

      "dependencies": {
        "@babel/helper-plugin-utils": "^7.8.0"
      },
      "peerDependencies": {
        "@babel/core": "^7.0.0-0"
      }
    },
    "node_modules/@babel/plugin-syntax-optional-catch-binding": {
      "version": "7.8.3",
      "resolved": "https://registry.npmjs.org/@babel/plugin-syntax-optional-catch-binding/-/plugin-syntax-optional-catch-binding-7.8.3.tgz",
      "integrity": "sha512-6VPD0Pc1lpTqw0aKoeRTMiB+kWhAoT24PA+ksWSBrFtl5SIRVpZlwN3NNPQjehA2E/91FV3RjLWoVTglWcSV3Q==",

      "dependencies": {
        "@babel/helper-plugin-utils": "^7.8.0"
      },
      "peerDependencies": {
        "@babel/core": "^7.0.0-0"
      }
    },
    "node_modules/@babel/plugin-syntax-optional-chaining": {
      "version": "7.8.3",
      "resolved": "https://registry.npmjs.org/@babel/plugin-syntax-optional-chaining/-/plugin-syntax-optional-chaining-7.8.3.tgz",
      "integrity": "sha512-KoK9ErH1MBlCPxV0VANkXW2/dw4vlbGDrFgz8bmUsBGYkFRcbRwMh6cIJubdPrkxRwuGdtCk0v/wPTKbQgBjkg==",

      "dependencies": {
        "@babel/helper-plugin-utils": "^7.8.0"
      },
      "peerDependencies": {
        "@babel/core": "^7.0.0-0"
      }
    },

      },
      "peerDependencies": {
        "@babel/core": "^7.0.0-0"
      }
    },

      },
      "peerDependencies": {
        "@babel/core": "^7.0.0-0"
      }
    },

      },
      "peerDependencies": {
        "@babel/core": "^7.0.0-0"
      }
    },

      },
      "peerDependencies": {
        "@babel/core": "^7.0.0-0"
      }
    },

      },
      "peerDependencies": {
        "@babel/core": "^7.0.0-0"
      }
    },

      },
      "peerDependencies": {
        "@babel/core": "^7.0.0-0"
      }
    },

      },
      "peerDependencies": {
        "@babel/core": "^7.0.0-0"
      }
    },

      },
      "peerDependencies": {
        "@babel/core": "^7.0.0-0"
      }
    },

      },
      "peerDependencies": {
        "@babel/core": "^7.0.0-0"
      }
    },

      },
      "peerDependencies": {
        "@babel/core": "^7.0.0-0"
      }
    },

      },
      "peerDependencies": {
        "@babel/core": "^7.0.0-0"
      }
    },

      },
      "peerDependencies": {
        "@babel/core": "^7.0.0-0"
      }
    },

      },
      "peerDependencies": {
        "@babel/core": "^7.0.0-0"
      }
    },

      },
      "peerDependencies": {
        "@babel/core": "^7.0.0-0"
      }
    },

      },
      "peerDependencies": {
        "@babel/core": "^7.0.0-0"
      }
    },

      },
      "peerDependencies": {
        "@babel/core": "^7.0.0-0"
      }
    },

      },
      "peerDependencies": {
        "@babel/core": "^7.0.0-0"
      }
    },

      },
      "peerDependencies": {
        "@babel/core": "^7.0.0-0"
      }
    },

      },
      "peerDependencies": {
        "@babel/core": "^7.0.0-0"
      }
    },

      },
      "peerDependencies": {
        "@babel/core": "^7.0.0-0"
      }
    },

      },
      "peerDependencies": {
        "@babel/core": "^7.0.0-0"
      }
    },

      },
      "peerDependencies": {
        "@babel/core": "^7.0.0-0"
      }
    },

      },
      "peerDependencies": {
        "@babel/core": "^7.0.0-0"
      }
    },

      },
      "peerDependencies": {
        "@babel/core": "^7.0.0-0"
      }
    },

      },
      "peerDependencies": {
        "@babel/core": "^7.0.0-0"
      }
    },

      },
      "peerDependencies": {
        "@babel/core": "^7.0.0-0"
      }
    },

      },
      "peerDependencies": {
        "@babel/core": "^7.0.0-0"
      }
    },

      },
      "peerDependencies": {
        "@babel/core": "^7.0.0-0"
      }
    },

      },
      "peerDependencies": {
        "@babel/core": "^7.0.0-0"
      }
    },

      },
      "peerDependencies": {
        "@babel/core": "^7.0.0-0"
      }
    },

      },
      "peerDependencies": {
        "@babel/core": "^7.0.0-0"
      }
    },

      },
      "peerDependencies": {
        "@babel/core": "^7.0.0-0"
      }
    },

      },
      "peerDependencies": {
        "@babel/core": "^7.0.0-0"
      }
    },

      },
      "peerDependencies": {
        "@babel/core": "^7.0.0-0"
      }
    },

      },
      "peerDependencies": {
        "@babel/core": "^7.0.0-0"
      }
    },

      },
      "peerDependencies": {
        "@babel/core": "^7.0.0-0"
      }
    },

      },
      "peerDependencies": {
        "@babel/core": "^7.0.0-0"
      }
    },

      },
      "peerDependencies": {
        "@babel/core": "^7.0.0-0"
      }
    },

      "version": "2.0.1",
      "resolved": "https://registry.npmjs.org/color-convert/-/color-convert-2.0.1.tgz",
      "integrity": "sha512-RRECPsj7iu/xb5oKYcsFHSppFNnsj/52OVTRKb4zP5onXwVF3zVmmToNcOfGC+CRDpfK/U584fMg38ZHCaElKQ==",
      "license": "MIT",
      "dependencies": {
        "color-name": "~1.1.4"
      },
      "engines": {
        "node": ">=7.0.0"
      }
    },

      "engines": {
        "node": ">=0.10.0"
      }
    },

      "engines": {
        "node": ">=0.10.0"
      }
    },

      "engines": {
        "node": ">=0.10.0"
      }
    },

      "version": "1.0.1",
      "resolved": "https://registry.npmjs.org/is-binary-path/-/is-binary-path-1.0.1.tgz",
      "integrity": "sha1-dfFmQrSA8YenEcgUFh/TpKdlWJg=",
      "dependencies": {
        "binary-extensions": "^1.0.0"
      },
      "engines": {
        "node": ">=0.10.0"
      }
    },

      "dependencies": {
        "lodash.sortby": "^4.7.0",
        "tr46": "^1.0.1",
        "webidl-conversions": "^4.0.2"
      }
    },

    "node_modules/wrappy": {
      "version": "1.0.2",
      "resolved": "https://registry.npmjs.org/wrappy/-/wrappy-1.0.2.tgz",
      "integrity": "sha512-l4Sp/DRseor9wL6EvV2+TuQn63dMkPjZ/sp9XkghTEbV9KlPS1xUsZ3u7/IQO4wxtcFB4bgpQPRcR3QCvezPcQ==",
      "license": "ISC"
    },

        "imurmurhash": "^0.1.4",
        "is-typedarray": "^1.0.0",
        "signal-exit": "^3.0.2",
        "typedarray-to-buffer": "^3.1.5"
      }
    },
    "node_modules/ws": {

      }
    },
    "node_modules/xml-name-validator": {
      "version": "3.0.0",
      "resolved": "https://registry.npmjs.org/xml-name-validator/-/xml-name-validator-3.0.0.tgz",
      "integrity": "sha512-A5CUptxDsvxKJEU3yO6DuWBSJz/qizqzJKOMIfUJHETbBw/sFaDxgd6fxm1ewUaM0jZ444Fc5vC5ROYurg/4Pw==",
      "license": "Apache-2.0"
    },
    "node_modules/xmlchars": {
      "version": "2.2.0",
      "resolved": "https://registry.npmjs.org/xmlchars/-/xmlchars-2.2.0.tgz",

      "engines": {
        "node": ">= 6"
      }
    },
    "node_modules/yargs": {

      }
    },
    "node_modules/yargs/node_modules/emoji-regex": {
      "version": "7.0.3",
      "resolved": "https://registry.npmjs.org/emoji-regex/-/emoji-regex-7.0.3.tgz",
      "integrity": "sha512-CwBLREIQ7LvYFB0WyRvwhq5N5qPhc6PMjD6bYggFlI5YyDgl+0vxq5VHbMOFqLg7hfWzmu8T5Z1QofhmTIhItA=="
    },
    "node_modules/yargs/node_modules/is-fullwidth-code-point": {
      "version": "2.0.0",
      "resolved": "https://registry.npmjs.org/is-fullwidth-code-point/-/is-fullwidth-code-point-2.0.0.tgz",
      "integrity": "sha1-o7MKXE8ZkYMWeqq5O+764937ZU8=",
      "engines": {
        "node": ">=4"
      }
    },
    "node_modules/yargs/node_modules/string-width": {
      "version": "3.1.0",
      "resolved": "https://registry.npmjs.org/string-width/-/string-width-3.1.0.tgz",
      "integrity": "sha512-vafcv6KjVZKSgz06oM/H6GDBrAtz8vdhQakGjFIvNrHA6y3HCF1CInLy+QLq8dTJPQ1b+KDUqDFctkdRW44e1w==",
      "dependencies": {
        "emoji-regex": "^7.0.1",
        "is-fullwidth-code-point": "^2.0.0",
        "strip-ansi": "^5.1.0"
      },
      "engines": {
        "node": ">=6"
      }
    }
  }
}
